
Microsoft Visual Studio Solution File, Format Version 12.00
# Visual Studio 15
Project("{FAE04EC0-301F-11D3-BF4B-00C04F79EFBC}") = "Assembly-CSharp-firstpass", "Assembly-CSharp-firstpass.csproj", "{A0F5494A-6095-056C-AEF7-F0415769BFA9}"
EndProject
Project("{FAE04EC0-301F-11D3-BF4B-00C04F79EFBC}") = "Assembly-CSharp", "Assembly-CSharp.csproj", "{F857582D-3158-A834-A97B-A91463F7A8A8}"
EndProject
Project("{FAE04EC0-301F-11D3-BF4B-00C04F79EFBC}") = "Assembly-CSharp-Editor-firstpass", "Assembly-CSharp-Editor-firstpass.csproj", "{BC52EB01-BCFB-82C7-75A0-4DA85C09D1DF}"
EndProject
Project("{FAE04EC0-301F-11D3-BF4B-00C04F79EFBC}") = "Assembly-CSharp-Editor", "Assembly-CSharp-Editor.csproj", "{C3E81DE7-92E2-9810-09E7-2F1762A5B4B1}"
EndProject
Global
	GlobalSection(SolutionConfigurationPlatforms) = preSolution
		Debug|Any CPU = Debug|Any CPU
		Release|Any CPU = Release|Any CPU
	EndGlobalSection
	GlobalSection(ProjectConfigurationPlatforms) = postSolution
		{A0F5494A-6095-056C-AEF7-F0415769BFA9}.Debug|Any CPU.ActiveCfg = Debug|Any CPU
		{A0F5494A-6095-056C-AEF7-F0415769BFA9}.Debug|Any CPU.Build.0 = Debug|Any CPU
		{A0F5494A-6095-056C-AEF7-F0415769BFA9}.Release|Any CPU.ActiveCfg = Release|Any CPU
		{A0F5494A-6095-056C-AEF7-F0415769BFA9}.Release|Any CPU.Build.0 = Release|Any CPU
		{F857582D-3158-A834-A97B-A91463F7A8A8}.Debug|Any CPU.ActiveCfg = Debug|Any CPU
		{F857582D-3158-A834-A97B-A91463F7A8A8}.Debug|Any CPU.Build.0 = Debug|Any CPU
		{F857582D-3158-A834-A97B-A91463F7A8A8}.Release|Any CPU.ActiveCfg = Release|Any CPU
		{F857582D-3158-A834-A97B-A91463F7A8A8}.Release|Any CPU.Build.0 = Release|Any CPU
		{BC52EB01-BCFB-82C7-75A0-4DA85C09D1DF}.Debug|Any CPU.ActiveCfg = Debug|Any CPU
		{BC52EB01-BCFB-82C7-75A0-4DA85C09D1DF}.Debug|Any CPU.Build.0 = Debug|Any CPU
		{BC52EB01-BCFB-82C7-75A0-4DA85C09D1DF}.Release|Any CPU.ActiveCfg = Release|Any CPU
		{BC52EB01-BCFB-82C7-75A0-4DA85C09D1DF}.Release|Any CPU.Build.0 = Release|Any CPU
		{C3E81DE7-92E2-9810-09E7-2F1762A5B4B1}.Debug|Any CPU.ActiveCfg = Debug|Any CPU
		{C3E81DE7-92E2-9810-09E7-2F1762A5B4B1}.Debug|Any CPU.Build.0 = Debug|Any CPU
		{C3E81DE7-92E2-9810-09E7-2F1762A5B4B1}.Release|Any CPU.ActiveCfg = Release|Any CPU
		{C3E81DE7-92E2-9810-09E7-2F1762A5B4B1}.Release|Any CPU.Build.0 = Release|Any CPU
	EndGlobalSection
	GlobalSection(SolutionProperties) = preSolution
		HideSolutionNode = FALSE
	EndGlobalSection
EndGlobal
